
Microsoft Visual Studio Solution File, Format Version 12.00
# Visual Studio Version 17
VisualStudioVersion = 17.5.002.0
MinimumVisualStudioVersion = 10.0.40219.1
Project("{9A19103F-16F7-4668-BE54-9A1E7A4F7556}") = "Atividades-Aulas", "Atividades-Aulas.csproj", "{A16E38E2-40DE-4DA3-881F-CB1245D2B483}"
EndProject
Global
	GlobalSection(SolutionConfigurationPlatforms) = preSolution
		Debug|Any CPU = Debug|Any CPU
		Release|Any CPU = Release|Any CPU
	EndGlobalSection
	GlobalSection(ProjectConfigurationPlatforms) = postSolution
		{A16E38E2-40DE-4DA3-881F-CB1245D2B483}.Debug|Any CPU.ActiveCfg = Debug|Any CPU
		{A16E38E2-40DE-4DA3-881F-CB1245D2B483}.Debug|Any CPU.Build.0 = Debug|Any CPU
		{A16E38E2-40DE-4DA3-881F-CB1245D2B483}.Release|Any CPU.ActiveCfg = Release|Any CPU
		{A16E38E2-40DE-4DA3-881F-CB1245D2B483}.Release|Any CPU.Build.0 = Release|Any CPU
	EndGlobalSection
	GlobalSection(SolutionProperties) = preSolution
		HideSolutionNode = FALSE
	EndGlobalSection
	GlobalSection(ExtensibilityGlobals) = postSolution
		SolutionGuid = {AA78398F-72B4-4F70-B1B5-5E0754FB1045}
	EndGlobalSection
EndGlobal
